
Microsoft Visual Studio Solution File, Format Version 12.00
# Visual Studio Version 16
VisualStudioVersion = 16.0.32126.315
MinimumVisualStudioVersion = 10.0.40219.1
Project("{FAE04EC0-301F-11D3-BF4B-00C04F79EFBC}") = "TheBlogProject", "TheBlogProject.csproj", "{1D74B536-97E8-4783-B3E4-24F4070F9BC0}"
EndProject
Global
	GlobalSection(SolutionConfigurationPlatforms) = preSolution
		Debug|Any CPU = Debug|Any CPU
		Release|Any CPU = Release|Any CPU
	EndGlobalSection
	GlobalSection(ProjectConfigurationPlatforms) = postSolution
		{1D74B536-97E8-4783-B3E4-24F4070F9BC0}.Debug|Any CPU.ActiveCfg = Debug|Any CPU
		{1D74B536-97E8-4783-B3E4-24F4070F9BC0}.Debug|Any CPU.Build.0 = Debug|Any CPU
		{1D74B536-97E8-4783-B3E4-24F4070F9BC0}.Release|Any CPU.ActiveCfg = Release|Any CPU
		{1D74B536-97E8-4783-B3E4-24F4070F9BC0}.Release|Any CPU.Build.0 = Release|Any CPU
	EndGlobalSection
	GlobalSection(SolutionProperties) = preSolution
		HideSolutionNode = FALSE
	EndGlobalSection
	GlobalSection(ExtensibilityGlobals) = postSolution
		SolutionGuid = {F4510638-3369-446E-982E-8B7175805D2C}
	EndGlobalSection
EndGlobal
